// !$*UTF8*$!
{
	archiveVersion = 1;
	classes = {
	};
	objectVersion = 46;
	objects = {

/* Begin PBXBuildFile section */
		011A1EAB157934C2ADFD5CAB /* Pods_KurrencyWatch_Extension.framework in Frameworks */ = {isa = PBXBuildFile; fileRef = 65ACD736154C9F6952D6F265 /* Pods_KurrencyWatch_Extension.framework */; };
		140198537AAB44CDE5FE5FF7 /* CurrencyConverterPresenter.swift in Sources */ = {isa = PBXBuildFile; fileRef = DEC51763FE9F3E0596EBC861 /* CurrencyConverterPresenter.swift */; };
		23F18BAE17F49E61D031A378 /* CurrencyConverterModuleConfigurator.swift in Sources */ = {isa = PBXBuildFile; fileRef = 36ACD10C1687209454B42F18 /* CurrencyConverterModuleConfigurator.swift */; };
		2B52F79A98951603BBB737F1 /* CurrencyConverterStoryboard.storyboard in Resources */ = {isa = PBXBuildFile; fileRef = 2F838C8C865D88CF78AB735E /* CurrencyConverterStoryboard.storyboard */; };
		40454AA33AD0A831B929CAD9 /* MainInteractorInput.swift in Sources */ = {isa = PBXBuildFile; fileRef = 251755E76DE65A60DFB239A8 /* MainInteractorInput.swift */; };
		46F7271DCBE2EBBF19D079A6 /* CurrencyConverterWireframe.swift in Sources */ = {isa = PBXBuildFile; fileRef = 719B0B36333A2C90B78F51BE /* CurrencyConverterWireframe.swift */; };
		4CBD5C150510ABD6AABD69F6 /* CurrencyConverterInteractorInput.swift in Sources */ = {isa = PBXBuildFile; fileRef = 13E66E985E6119EDC64B7A24 /* CurrencyConverterInteractorInput.swift */; };
		5C25E1533DC52E94031E798A /* MainInteractorOutput.swift in Sources */ = {isa = PBXBuildFile; fileRef = 462A1C8929AEB02D14A463FB /* MainInteractorOutput.swift */; };
		60E1FE0915BDD7B679766334 /* CurrencyConverterModuleInteface.swift in Sources */ = {isa = PBXBuildFile; fileRef = 04CB317A1E202E3A7A4C5423 /* CurrencyConverterModuleInteface.swift */; };
		732F9FAA61D840E5E26CD931 /* MainStoryboard.storyboard in Resources */ = {isa = PBXBuildFile; fileRef = A459DC6202294D90090086BC /* MainStoryboard.storyboard */; };
		7753D532A51A1FDEEBF986EF /* CurrencyConverterViewInterface.swift in Sources */ = {isa = PBXBuildFile; fileRef = 9463BC2C36BB7EA3003BE093 /* CurrencyConverterViewInterface.swift */; };
		7DFE75EB0CB126FB0A17F8B6 /* MainModuleConfigurator.swift in Sources */ = {isa = PBXBuildFile; fileRef = 96382F142B70213AA4C10A2A /* MainModuleConfigurator.swift */; };
		8B366231BE57A56B444825E9 /* MainViewController.swift in Sources */ = {isa = PBXBuildFile; fileRef = BF1D86931BE23A85B724F09D /* MainViewController.swift */; };
		941ABC7F1F1EB002001BB4EC /* FluidView.xib in Resources */ = {isa = PBXBuildFile; fileRef = 941ABC7E1F1EB002001BB4EC /* FluidView.xib */; };
		941ABC811F1EB02E001BB4EC /* FluidView.swift in Sources */ = {isa = PBXBuildFile; fileRef = 941ABC801F1EB02E001BB4EC /* FluidView.swift */; };
		9475BE341F1BC9F40017EF54 /* CoreDataServices.swift in Sources */ = {isa = PBXBuildFile; fileRef = 9475BE331F1BC9F40017EF54 /* CoreDataServices.swift */; };
		9475BE361F1BCBDC0017EF54 /* Constants.swift in Sources */ = {isa = PBXBuildFile; fileRef = 9475BE351F1BCBDC0017EF54 /* Constants.swift */; };
		9475BE391F1BCD3F0017EF54 /* CurrenciesViewController.swift in Sources */ = {isa = PBXBuildFile; fileRef = 9475BE381F1BCD3F0017EF54 /* CurrenciesViewController.swift */; };
		9475BE3B1F1BD46D0017EF54 /* CurrenciesViewInterface.swift in Sources */ = {isa = PBXBuildFile; fileRef = 9475BE3A1F1BD46D0017EF54 /* CurrenciesViewInterface.swift */; };
		9475BE3E1F1BE5170017EF54 /* Utils.swift in Sources */ = {isa = PBXBuildFile; fileRef = 9475BE3D1F1BE5170017EF54 /* Utils.swift */; };
		947BFE3B1F1D442E00FBC6A2 /* NetworkService.swift in Sources */ = {isa = PBXBuildFile; fileRef = 94F4D4101F1B923500481C2B /* NetworkService.swift */; };
		947BFE3C1F1D485300FBC6A2 /* Constants.swift in Sources */ = {isa = PBXBuildFile; fileRef = 9475BE351F1BCBDC0017EF54 /* Constants.swift */; };
		947BFE3F1F1D488100FBC6A2 /* Result.swift in Sources */ = {isa = PBXBuildFile; fileRef = 94F4D4141F1BA2E600481C2B /* Result.swift */; };
		947BFE411F1D590F00FBC6A2 /* ConvertedCurrencyRowController.swift in Sources */ = {isa = PBXBuildFile; fileRef = 947BFE401F1D590F00FBC6A2 /* ConvertedCurrencyRowController.swift */; };
		947BFE431F1D5C2200FBC6A2 /* ConvertedCurrency.swift in Sources */ = {isa = PBXBuildFile; fileRef = 947BFE421F1D5C2200FBC6A2 /* ConvertedCurrency.swift */; };
		947BFE461F1D6AA900FBC6A2 /* MessageBanner.swift in Sources */ = {isa = PBXBuildFile; fileRef = 947BFE451F1D6AA900FBC6A2 /* MessageBanner.swift */; };
		947BFE471F1D6AD400FBC6A2 /* Utils.swift in Sources */ = {isa = PBXBuildFile; fileRef = 9475BE3D1F1BE5170017EF54 /* Utils.swift */; };
		94F27A4A1F1C0CAB004256EE /* Interface.storyboard in Resources */ = {isa = PBXBuildFile; fileRef = 94F27A481F1C0CAB004256EE /* Interface.storyboard */; };
		94F27A4C1F1C0CAB004256EE /* Assets.xcassets in Resources */ = {isa = PBXBuildFile; fileRef = 94F27A4B1F1C0CAB004256EE /* Assets.xcassets */; };
		94F27A531F1C0CAC004256EE /* KurrencyWatch Extension.appex in Embed App Extensions */ = {isa = PBXBuildFile; fileRef = 94F27A521F1C0CAC004256EE /* KurrencyWatch Extension.appex */; settings = {ATTRIBUTES = (RemoveHeadersOnCopy, ); }; };
		94F27A5A1F1C0CAC004256EE /* InterfaceController.swift in Sources */ = {isa = PBXBuildFile; fileRef = 94F27A591F1C0CAC004256EE /* InterfaceController.swift */; };
		94F27A5C1F1C0CAC004256EE /* ExtensionDelegate.swift in Sources */ = {isa = PBXBuildFile; fileRef = 94F27A5B1F1C0CAC004256EE /* ExtensionDelegate.swift */; };
		94F27A5E1F1C0CAC004256EE /* NotificationController.swift in Sources */ = {isa = PBXBuildFile; fileRef = 94F27A5D1F1C0CAC004256EE /* NotificationController.swift */; };
		94F27A601F1C0CAC004256EE /* Assets.xcassets in Resources */ = {isa = PBXBuildFile; fileRef = 94F27A5F1F1C0CAC004256EE /* Assets.xcassets */; };
		94F27A641F1C0CAC004256EE /* KurrencyWatch.app in Embed Watch Content */ = {isa = PBXBuildFile; fileRef = 94F27A461F1C0CAB004256EE /* KurrencyWatch.app */; };
		94F4D3D71F1A2EE100481C2B /* AppDelegate.swift in Sources */ = {isa = PBXBuildFile; fileRef = 94F4D3D61F1A2EE100481C2B /* AppDelegate.swift */; };
		94F4D3DF1F1A2EE100481C2B /* Kurrency.xcdatamodeld in Sources */ = {isa = PBXBuildFile; fileRef = 94F4D3DD1F1A2EE100481C2B /* Kurrency.xcdatamodeld */; };
		94F4D3E11F1A2EE100481C2B /* Assets.xcassets in Resources */ = {isa = PBXBuildFile; fileRef = 94F4D3E01F1A2EE100481C2B /* Assets.xcassets */; };
		94F4D3E41F1A2EE100481C2B /* LaunchScreen.storyboard in Resources */ = {isa = PBXBuildFile; fileRef = 94F4D3E21F1A2EE100481C2B /* LaunchScreen.storyboard */; };
		94F4D3EF1F1A2EE100481C2B /* KurrencyTests.swift in Sources */ = {isa = PBXBuildFile; fileRef = 94F4D3EE1F1A2EE100481C2B /* KurrencyTests.swift */; };
		94F4D3FE1F1A367400481C2B /* UIColorExtensions.swift in Sources */ = {isa = PBXBuildFile; fileRef = 94F4D3FD1F1A367400481C2B /* UIColorExtensions.swift */; };
		94F4D4011F1A369400481C2B /* BackgroundView.swift in Sources */ = {isa = PBXBuildFile; fileRef = 94F4D4001F1A369400481C2B /* BackgroundView.swift */; };
		94F4D4091F1A3BF000481C2B /* Proxima-Nova-Regular.otf in Resources */ = {isa = PBXBuildFile; fileRef = 94F4D4081F1A3BF000481C2B /* Proxima-Nova-Regular.otf */; };
		94F4D4111F1B923500481C2B /* NetworkService.swift in Sources */ = {isa = PBXBuildFile; fileRef = 94F4D4101F1B923500481C2B /* NetworkService.swift */; };
		94F4D4131F1B951800481C2B /* Currency.swift in Sources */ = {isa = PBXBuildFile; fileRef = 94F4D4121F1B951800481C2B /* Currency.swift */; };
		94F4D4151F1BA2E600481C2B /* Result.swift in Sources */ = {isa = PBXBuildFile; fileRef = 94F4D4141F1BA2E600481C2B /* Result.swift */; };
		A374562589D336BF9144B5F2 /* Pods_Kurrency.framework in Frameworks */ = {isa = PBXBuildFile; fileRef = 423F497055B54EE9F6F765E4 /* Pods_Kurrency.framework */; };
		AA346CD1E707E9CFADEA9BFF /* CurrencyConverterViewController.swift in Sources */ = {isa = PBXBuildFile; fileRef = E44E318FA9C6D6130B19F02C /* CurrencyConverterViewController.swift */; };
		AA9F2FEFD851AFADE75EBC5F /* MainInteractor.swift in Sources */ = {isa = PBXBuildFile; fileRef = EDAFC5088A30EC6E21A1C201 /* MainInteractor.swift */; };
		B446B99606D9A2AD9ED9F430 /* MainViewInterface.swift in Sources */ = {isa = PBXBuildFile; fileRef = AE97171234110A9B528666FC /* MainViewInterface.swift */; };
		B4585D06AAF8A318C813786A /* MainWireframe.swift in Sources */ = {isa = PBXBuildFile; fileRef = D1BE4F987E287DC63AEF3706 /* MainWireframe.swift */; };
		B64B23D27F768CD70BFE1E71 /* Pods_KurrencyTests.framework in Frameworks */ = {isa = PBXBuildFile; fileRef = EE7132B8EA83C02EEFF8E25C /* Pods_KurrencyTests.framework */; };
		D8FA3D57A5E037C7188352C3 /* MainPresenter.swift in Sources */ = {isa = PBXBuildFile; fileRef = 77E981BFFD18B2B907FBB55E /* MainPresenter.swift */; };
		DDC37811BB97F6998BF20771 /* CurrencyConverterInteractorOutput.swift in Sources */ = {isa = PBXBuildFile; fileRef = 1A368E631A3F73E2C1296ED0 /* CurrencyConverterInteractorOutput.swift */; };
		E773D2293CF4582A74F4E45A /* MainModuleInteface.swift in Sources */ = {isa = PBXBuildFile; fileRef = 250F3F5F2C8530A8C253B37C /* MainModuleInteface.swift */; };
		FB76A2D17F6B67F6CE044B9A /* CurrencyConverterInteractor.swift in Sources */ = {isa = PBXBuildFile; fileRef = AFF8E6491AC49DDCAC9E9618 /* CurrencyConverterInteractor.swift */; };
/* End PBXBuildFile section */

/* Begin PBXContainerItemProxy section */
		94F27A541F1C0CAC004256EE /* PBXContainerItemProxy */ = {
			isa = PBXContainerItemProxy;
			containerPortal = 94F4D3CB1F1A2EE100481C2B /* Project object */;
			proxyType = 1;
			remoteGlobalIDString = 94F27A511F1C0CAC004256EE;
			remoteInfo = "KurrencyWatch Extension";
		};
		94F27A621F1C0CAC004256EE /* PBXContainerItemProxy */ = {
			isa = PBXContainerItemProxy;
			containerPortal = 94F4D3CB1F1A2EE100481C2B /* Project object */;
			proxyType = 1;
			remoteGlobalIDString = 94F27A451F1C0CAB004256EE;
			remoteInfo = KurrencyWatch;
		};
		94F4D3EB1F1A2EE100481C2B /* PBXContainerItemProxy */ = {
			isa = PBXContainerItemProxy;
			containerPortal = 94F4D3CB1F1A2EE100481C2B /* Project object */;
			proxyType = 1;
			remoteGlobalIDString = 94F4D3D21F1A2EE100481C2B;
			remoteInfo = Kurrency;
		};
/* End PBXContainerItemProxy section */

/* Begin PBXCopyFilesBuildPhase section */
		94F27A6A1F1C0CAC004256EE /* Embed App Extensions */ = {
			isa = PBXCopyFilesBuildPhase;
			buildActionMask = 2147483647;
			dstPath = "";
			dstSubfolderSpec = 13;
			files = (
				94F27A531F1C0CAC004256EE /* KurrencyWatch Extension.appex in Embed App Extensions */,
			);
			name = "Embed App Extensions";
			runOnlyForDeploymentPostprocessing = 0;
		};
		94F27A6C1F1C0CAC004256EE /* Embed Watch Content */ = {
			isa = PBXCopyFilesBuildPhase;
			buildActionMask = 2147483647;
			dstPath = "$(CONTENTS_FOLDER_PATH)/Watch";
			dstSubfolderSpec = 16;
			files = (
				94F27A641F1C0CAC004256EE /* KurrencyWatch.app in Embed Watch Content */,
			);
			name = "Embed Watch Content";
			runOnlyForDeploymentPostprocessing = 0;
		};
/* End PBXCopyFilesBuildPhase section */

/* Begin PBXFileReference section */
		04CB317A1E202E3A7A4C5423 /* CurrencyConverterModuleInteface.swift */ = {isa = PBXFileReference; includeInIndex = 1; lastKnownFileType = sourcecode.swift; path = CurrencyConverterModuleInteface.swift; sourceTree = "<group>"; };
		0A1BD123E702AB475BBC89A7 /* Pods-KurrencyTests.debug.xcconfig */ = {isa = PBXFileReference; includeInIndex = 1; lastKnownFileType = text.xcconfig; name = "Pods-KurrencyTests.debug.xcconfig"; path = "Pods/Target Support Files/Pods-KurrencyTests/Pods-KurrencyTests.debug.xcconfig"; sourceTree = "<group>"; };
		13E66E985E6119EDC64B7A24 /* CurrencyConverterInteractorInput.swift */ = {isa = PBXFileReference; includeInIndex = 1; lastKnownFileType = sourcecode.swift; path = CurrencyConverterInteractorInput.swift; sourceTree = "<group>"; };
		1881E413E3C509821AFBAA4E /* Pods-Kurrency.debug.xcconfig */ = {isa = PBXFileReference; includeInIndex = 1; lastKnownFileType = text.xcconfig; name = "Pods-Kurrency.debug.xcconfig"; path = "Pods/Target Support Files/Pods-Kurrency/Pods-Kurrency.debug.xcconfig"; sourceTree = "<group>"; };
		1A368E631A3F73E2C1296ED0 /* CurrencyConverterInteractorOutput.swift */ = {isa = PBXFileReference; includeInIndex = 1; lastKnownFileType = sourcecode.swift; path = CurrencyConverterInteractorOutput.swift; sourceTree = "<group>"; };
		250F3F5F2C8530A8C253B37C /* MainModuleInteface.swift */ = {isa = PBXFileReference; includeInIndex = 1; lastKnownFileType = sourcecode.swift; path = MainModuleInteface.swift; sourceTree = "<group>"; };
		251755E76DE65A60DFB239A8 /* MainInteractorInput.swift */ = {isa = PBXFileReference; includeInIndex = 1; lastKnownFileType = sourcecode.swift; path = MainInteractorInput.swift; sourceTree = "<group>"; };
		2F838C8C865D88CF78AB735E /* CurrencyConverterStoryboard.storyboard */ = {isa = PBXFileReference; includeInIndex = 1; lastKnownFileType = file.storyboard; path = CurrencyConverterStoryboard.storyboard; sourceTree = "<group>"; };
		36ACD10C1687209454B42F18 /* CurrencyConverterModuleConfigurator.swift */ = {isa = PBXFileReference; includeInIndex = 1; lastKnownFileType = sourcecode.swift; path = CurrencyConverterModuleConfigurator.swift; sourceTree = "<group>"; };
		390671A092EECAEDF4B6F7BD /* Pods-Kurrency.release.xcconfig */ = {isa = PBXFileReference; includeInIndex = 1; lastKnownFileType = text.xcconfig; name = "Pods-Kurrency.release.xcconfig"; path = "Pods/Target Support Files/Pods-Kurrency/Pods-Kurrency.release.xcconfig"; sourceTree = "<group>"; };
		423F497055B54EE9F6F765E4 /* Pods_Kurrency.framework */ = {isa = PBXFileReference; explicitFileType = wrapper.framework; includeInIndex = 0; path = Pods_Kurrency.framework; sourceTree = BUILT_PRODUCTS_DIR; };
		43A2F6A991E97E1F49A22525 /* Pods-KurrencyWatch Extension.debug.xcconfig */ = {isa = PBXFileReference; includeInIndex = 1; lastKnownFileType = text.xcconfig; name = "Pods-KurrencyWatch Extension.debug.xcconfig"; path = "Pods/Target Support Files/Pods-KurrencyWatch Extension/Pods-KurrencyWatch Extension.debug.xcconfig"; sourceTree = "<group>"; };
		462A1C8929AEB02D14A463FB /* MainInteractorOutput.swift */ = {isa = PBXFileReference; includeInIndex = 1; lastKnownFileType = sourcecode.swift; path = MainInteractorOutput.swift; sourceTree = "<group>"; };
		54E8B4DA12717F21A5D1146C /* Pods_KurrencyWatch.framework */ = {isa = PBXFileReference; explicitFileType = wrapper.framework; includeInIndex = 0; path = Pods_KurrencyWatch.framework; sourceTree = BUILT_PRODUCTS_DIR; };
		6411F59A50B4164FF8619124 /* Pods-KurrencyTests.release.xcconfig */ = {isa = PBXFileReference; includeInIndex = 1; lastKnownFileType = text.xcconfig; name = "Pods-KurrencyTests.release.xcconfig"; path = "Pods/Target Support Files/Pods-KurrencyTests/Pods-KurrencyTests.release.xcconfig"; sourceTree = "<group>"; };
		65ACD736154C9F6952D6F265 /* Pods_KurrencyWatch_Extension.framework */ = {isa = PBXFileReference; explicitFileType = wrapper.framework; includeInIndex = 0; path = Pods_KurrencyWatch_Extension.framework; sourceTree = BUILT_PRODUCTS_DIR; };
		719B0B36333A2C90B78F51BE /* CurrencyConverterWireframe.swift */ = {isa = PBXFileReference; includeInIndex = 1; lastKnownFileType = sourcecode.swift; path = CurrencyConverterWireframe.swift; sourceTree = "<group>"; };
		77E981BFFD18B2B907FBB55E /* MainPresenter.swift */ = {isa = PBXFileReference; includeInIndex = 1; lastKnownFileType = sourcecode.swift; path = MainPresenter.swift; sourceTree = "<group>"; };
		941ABC7E1F1EB002001BB4EC /* FluidView.xib */ = {isa = PBXFileReference; fileEncoding = 4; lastKnownFileType = file.xib; path = FluidView.xib; sourceTree = "<group>"; };
		941ABC801F1EB02E001BB4EC /* FluidView.swift */ = {isa = PBXFileReference; fileEncoding = 4; lastKnownFileType = sourcecode.swift; path = FluidView.swift; sourceTree = "<group>"; };
		9463BC2C36BB7EA3003BE093 /* CurrencyConverterViewInterface.swift */ = {isa = PBXFileReference; includeInIndex = 1; lastKnownFileType = sourcecode.swift; path = CurrencyConverterViewInterface.swift; sourceTree = "<group>"; };
		9475BE331F1BC9F40017EF54 /* CoreDataServices.swift */ = {isa = PBXFileReference; fileEncoding = 4; lastKnownFileType = sourcecode.swift; path = CoreDataServices.swift; sourceTree = "<group>"; };
		9475BE351F1BCBDC0017EF54 /* Constants.swift */ = {isa = PBXFileReference; fileEncoding = 4; lastKnownFileType = sourcecode.swift; path = Constants.swift; sourceTree = "<group>"; };
		9475BE381F1BCD3F0017EF54 /* CurrenciesViewController.swift */ = {isa = PBXFileReference; fileEncoding = 4; lastKnownFileType = sourcecode.swift; path = CurrenciesViewController.swift; sourceTree = "<group>"; };
		9475BE3A1F1BD46D0017EF54 /* CurrenciesViewInterface.swift */ = {isa = PBXFileReference; fileEncoding = 4; lastKnownFileType = sourcecode.swift; path = CurrenciesViewInterface.swift; sourceTree = "<group>"; };
		9475BE3D1F1BE5170017EF54 /* Utils.swift */ = {isa = PBXFileReference; fileEncoding = 4; lastKnownFileType = sourcecode.swift; path = Utils.swift; sourceTree = "<group>"; };
		947BFE401F1D590F00FBC6A2 /* ConvertedCurrencyRowController.swift */ = {isa = PBXFileReference; fileEncoding = 4; lastKnownFileType = sourcecode.swift; path = ConvertedCurrencyRowController.swift; sourceTree = "<group>"; };
		947BFE421F1D5C2200FBC6A2 /* ConvertedCurrency.swift */ = {isa = PBXFileReference; fileEncoding = 4; lastKnownFileType = sourcecode.swift; path = ConvertedCurrency.swift; sourceTree = "<group>"; };
		947BFE451F1D6AA900FBC6A2 /* MessageBanner.swift */ = {isa = PBXFileReference; fileEncoding = 4; lastKnownFileType = sourcecode.swift; path = MessageBanner.swift; sourceTree = "<group>"; };
		94F27A461F1C0CAB004256EE /* KurrencyWatch.app */ = {isa = PBXFileReference; explicitFileType = wrapper.application; includeInIndex = 0; path = KurrencyWatch.app; sourceTree = BUILT_PRODUCTS_DIR; };
		94F27A491F1C0CAB004256EE /* Base */ = {isa = PBXFileReference; lastKnownFileType = file.storyboard; name = Base; path = Base.lproj/Interface.storyboard; sourceTree = "<group>"; };
		94F27A4B1F1C0CAB004256EE /* Assets.xcassets */ = {isa = PBXFileReference; lastKnownFileType = folder.assetcatalog; path = Assets.xcassets; sourceTree = "<group>"; };
		94F27A4D1F1C0CAB004256EE /* Info.plist */ = {isa = PBXFileReference; lastKnownFileType = text.plist.xml; path = Info.plist; sourceTree = "<group>"; };
		94F27A521F1C0CAC004256EE /* KurrencyWatch Extension.appex */ = {isa = PBXFileReference; explicitFileType = "wrapper.app-extension"; includeInIndex = 0; path = "KurrencyWatch Extension.appex"; sourceTree = BUILT_PRODUCTS_DIR; };
		94F27A581F1C0CAC004256EE /* PushNotificationPayload.apns */ = {isa = PBXFileReference; lastKnownFileType = text; path = PushNotificationPayload.apns; sourceTree = "<group>"; };
		94F27A591F1C0CAC004256EE /* InterfaceController.swift */ = {isa = PBXFileReference; lastKnownFileType = sourcecode.swift; path = InterfaceController.swift; sourceTree = "<group>"; };
		94F27A5B1F1C0CAC004256EE /* ExtensionDelegate.swift */ = {isa = PBXFileReference; lastKnownFileType = sourcecode.swift; path = ExtensionDelegate.swift; sourceTree = "<group>"; };
		94F27A5D1F1C0CAC004256EE /* NotificationController.swift */ = {isa = PBXFileReference; lastKnownFileType = sourcecode.swift; path = NotificationController.swift; sourceTree = "<group>"; };
		94F27A5F1F1C0CAC004256EE /* Assets.xcassets */ = {isa = PBXFileReference; lastKnownFileType = folder.assetcatalog; path = Assets.xcassets; sourceTree = "<group>"; };
		94F27A611F1C0CAC004256EE /* Info.plist */ = {isa = PBXFileReference; lastKnownFileType = text.plist.xml; path = Info.plist; sourceTree = "<group>"; };
		94F4D3D31F1A2EE100481C2B /* Kurrency.app */ = {isa = PBXFileReference; explicitFileType = wrapper.application; includeInIndex = 0; path = Kurrency.app; sourceTree = BUILT_PRODUCTS_DIR; };
		94F4D3D61F1A2EE100481C2B /* AppDelegate.swift */ = {isa = PBXFileReference; lastKnownFileType = sourcecode.swift; path = AppDelegate.swift; sourceTree = "<group>"; };
		94F4D3DE1F1A2EE100481C2B /* Kurrency.xcdatamodel */ = {isa = PBXFileReference; lastKnownFileType = wrapper.xcdatamodel; path = Kurrency.xcdatamodel; sourceTree = "<group>"; };
		94F4D3E01F1A2EE100481C2B /* Assets.xcassets */ = {isa = PBXFileReference; lastKnownFileType = folder.assetcatalog; path = Assets.xcassets; sourceTree = "<group>"; };
		94F4D3E31F1A2EE100481C2B /* Base */ = {isa = PBXFileReference; lastKnownFileType = file.storyboard; name = Base; path = Base.lproj/LaunchScreen.storyboard; sourceTree = "<group>"; };
		94F4D3E51F1A2EE100481C2B /* Info.plist */ = {isa = PBXFileReference; lastKnownFileType = text.plist.xml; path = Info.plist; sourceTree = "<group>"; };
		94F4D3EA1F1A2EE100481C2B /* KurrencyTests.xctest */ = {isa = PBXFileReference; explicitFileType = wrapper.cfbundle; includeInIndex = 0; path = KurrencyTests.xctest; sourceTree = BUILT_PRODUCTS_DIR; };
		94F4D3EE1F1A2EE100481C2B /* KurrencyTests.swift */ = {isa = PBXFileReference; lastKnownFileType = sourcecode.swift; path = KurrencyTests.swift; sourceTree = "<group>"; };
		94F4D3F01F1A2EE100481C2B /* Info.plist */ = {isa = PBXFileReference; lastKnownFileType = text.plist.xml; path = Info.plist; sourceTree = "<group>"; };
		94F4D3FD1F1A367400481C2B /* UIColorExtensions.swift */ = {isa = PBXFileReference; fileEncoding = 4; lastKnownFileType = sourcecode.swift; path = UIColorExtensions.swift; sourceTree = "<group>"; };
		94F4D4001F1A369400481C2B /* BackgroundView.swift */ = {isa = PBXFileReference; fileEncoding = 4; lastKnownFileType = sourcecode.swift; path = BackgroundView.swift; sourceTree = "<group>"; };
		94F4D4081F1A3BF000481C2B /* Proxima-Nova-Regular.otf */ = {isa = PBXFileReference; lastKnownFileType = file; path = "Proxima-Nova-Regular.otf"; sourceTree = "<group>"; };
		94F4D4101F1B923500481C2B /* NetworkService.swift */ = {isa = PBXFileReference; fileEncoding = 4; lastKnownFileType = sourcecode.swift; path = NetworkService.swift; sourceTree = "<group>"; };
		94F4D4121F1B951800481C2B /* Currency.swift */ = {isa = PBXFileReference; fileEncoding = 4; lastKnownFileType = sourcecode.swift; path = Currency.swift; sourceTree = "<group>"; };
		94F4D4141F1BA2E600481C2B /* Result.swift */ = {isa = PBXFileReference; fileEncoding = 4; lastKnownFileType = sourcecode.swift; path = Result.swift; sourceTree = "<group>"; };
		96382F142B70213AA4C10A2A /* MainModuleConfigurator.swift */ = {isa = PBXFileReference; includeInIndex = 1; lastKnownFileType = sourcecode.swift; path = MainModuleConfigurator.swift; sourceTree = "<group>"; };
		A459DC6202294D90090086BC /* MainStoryboard.storyboard */ = {isa = PBXFileReference; includeInIndex = 1; lastKnownFileType = file.storyboard; path = MainStoryboard.storyboard; sourceTree = "<group>"; };
		AE97171234110A9B528666FC /* MainViewInterface.swift */ = {isa = PBXFileReference; includeInIndex = 1; lastKnownFileType = sourcecode.swift; path = MainViewInterface.swift; sourceTree = "<group>"; };
		AFF8E6491AC49DDCAC9E9618 /* CurrencyConverterInteractor.swift */ = {isa = PBXFileReference; includeInIndex = 1; lastKnownFileType = sourcecode.swift; path = CurrencyConverterInteractor.swift; sourceTree = "<group>"; };
		B47E64F1B657418AB910C6BE /* Pods-KurrencyWatch Extension.release.xcconfig */ = {isa = PBXFileReference; includeInIndex = 1; lastKnownFileType = text.xcconfig; name = "Pods-KurrencyWatch Extension.release.xcconfig"; path = "Pods/Target Support Files/Pods-KurrencyWatch Extension/Pods-KurrencyWatch Extension.release.xcconfig"; sourceTree = "<group>"; };
		BF1D86931BE23A85B724F09D /* MainViewController.swift */ = {isa = PBXFileReference; includeInIndex = 1; lastKnownFileType = sourcecode.swift; path = MainViewController.swift; sourceTree = "<group>"; };
		D1BE4F987E287DC63AEF3706 /* MainWireframe.swift */ = {isa = PBXFileReference; includeInIndex = 1; lastKnownFileType = sourcecode.swift; path = MainWireframe.swift; sourceTree = "<group>"; };
		DEC51763FE9F3E0596EBC861 /* CurrencyConverterPresenter.swift */ = {isa = PBXFileReference; includeInIndex = 1; lastKnownFileType = sourcecode.swift; path = CurrencyConverterPresenter.swift; sourceTree = "<group>"; };
		E44E318FA9C6D6130B19F02C /* CurrencyConverterViewController.swift */ = {isa = PBXFileReference; includeInIndex = 1; lastKnownFileType = sourcecode.swift; path = CurrencyConverterViewController.swift; sourceTree = "<group>"; };
		EDAFC5088A30EC6E21A1C201 /* MainInteractor.swift */ = {isa = PBXFileReference; includeInIndex = 1; lastKnownFileType = sourcecode.swift; path = MainInteractor.swift; sourceTree = "<group>"; };
		EE7132B8EA83C02EEFF8E25C /* Pods_KurrencyTests.framework */ = {isa = PBXFileReference; explicitFileType = wrapper.framework; includeInIndex = 0; path = Pods_KurrencyTests.framework; sourceTree = BUILT_PRODUCTS_DIR; };
/* End PBXFileReference section */

/* Begin PBXFrameworksBuildPhase section */
		6BB2F5A8A2E818395C7446F1 /* Frameworks */ = {
			isa = PBXFrameworksBuildPhase;
			buildActionMask = 2147483647;
			files = (
			);
			runOnlyForDeploymentPostprocessing = 0;
		};
		94F27A4F1F1C0CAC004256EE /* Frameworks */ = {
			isa = PBXFrameworksBuildPhase;
			buildActionMask = 2147483647;
			files = (
				011A1EAB157934C2ADFD5CAB /* Pods_KurrencyWatch_Extension.framework in Frameworks */,
			);
			runOnlyForDeploymentPostprocessing = 0;
		};
		94F4D3D01F1A2EE100481C2B /* Frameworks */ = {
			isa = PBXFrameworksBuildPhase;
			buildActionMask = 2147483647;
			files = (
				A374562589D336BF9144B5F2 /* Pods_Kurrency.framework in Frameworks */,
			);
			runOnlyForDeploymentPostprocessing = 0;
		};
		94F4D3E71F1A2EE100481C2B /* Frameworks */ = {
			isa = PBXFrameworksBuildPhase;
			buildActionMask = 2147483647;
			files = (
				B64B23D27F768CD70BFE1E71 /* Pods_KurrencyTests.framework in Frameworks */,
			);
			runOnlyForDeploymentPostprocessing = 0;
		};
/* End PBXFrameworksBuildPhase section */

/* Begin PBXGroup section */
		08DA0A24F738B4D199316FC1 /* Main */ = {
			isa = PBXGroup;
			children = (
				96382F142B70213AA4C10A2A /* MainModuleConfigurator.swift */,
				9EE976A1CAD036342E6D2B14 /* Business Logic */,
				090E9DF7CD306040474BBAE9 /* User Interface */,
			);
			path = Main;
			sourceTree = "<group>";
		};
		090E9DF7CD306040474BBAE9 /* User Interface */ = {
			isa = PBXGroup;
			children = (
				707E0A6951013A776E48CC08 /* Wireframe */,
				C942F6CE8BB26404BEC4DD1B /* Presenter */,
				62DCAD0D3054D6C66A8BC195 /* View */,
			);
			path = "User Interface";
			sourceTree = "<group>";
		};
		0E5236D543C995B19A49624E /* Pods */ = {
			isa = PBXGroup;
			children = (
				1881E413E3C509821AFBAA4E /* Pods-Kurrency.debug.xcconfig */,
				390671A092EECAEDF4B6F7BD /* Pods-Kurrency.release.xcconfig */,
				0A1BD123E702AB475BBC89A7 /* Pods-KurrencyTests.debug.xcconfig */,
				6411F59A50B4164FF8619124 /* Pods-KurrencyTests.release.xcconfig */,
				43A2F6A991E97E1F49A22525 /* Pods-KurrencyWatch Extension.debug.xcconfig */,
				B47E64F1B657418AB910C6BE /* Pods-KurrencyWatch Extension.release.xcconfig */,
			);
			name = Pods;
			sourceTree = "<group>";
		};
		1E1CCD9D84BE09E2EFF211DC /* Modules */ = {
			isa = PBXGroup;
			children = (
				08DA0A24F738B4D199316FC1 /* Main */,
				83DCB1A9C7489E89602A8BB4 /* CurrencyConverter */,
			);
			path = Modules;
			sourceTree = "<group>";
		};
		4C83FD3465A5B5B70049A53C /* Frameworks */ = {
			isa = PBXGroup;
			children = (
				423F497055B54EE9F6F765E4 /* Pods_Kurrency.framework */,
				EE7132B8EA83C02EEFF8E25C /* Pods_KurrencyTests.framework */,
				54E8B4DA12717F21A5D1146C /* Pods_KurrencyWatch.framework */,
				65ACD736154C9F6952D6F265 /* Pods_KurrencyWatch_Extension.framework */,
			);
			name = Frameworks;
			sourceTree = "<group>";
		};
		62DCAD0D3054D6C66A8BC195 /* View */ = {
			isa = PBXGroup;
			children = (
				BF1D86931BE23A85B724F09D /* MainViewController.swift */,
				AE97171234110A9B528666FC /* MainViewInterface.swift */,
				A459DC6202294D90090086BC /* MainStoryboard.storyboard */,
			);
			path = View;
			sourceTree = "<group>";
		};
		707E0A6951013A776E48CC08 /* Wireframe */ = {
			isa = PBXGroup;
			children = (
				D1BE4F987E287DC63AEF3706 /* MainWireframe.swift */,
			);
			path = Wireframe;
			sourceTree = "<group>";
		};
		83DCB1A9C7489E89602A8BB4 /* CurrencyConverter */ = {
			isa = PBXGroup;
			children = (
				36ACD10C1687209454B42F18 /* CurrencyConverterModuleConfigurator.swift */,
				B819E0FE4B87BA28792B8002 /* Business Logic */,
				C102DB2A06248A98F3F5C1E5 /* User Interface */,
			);
			path = CurrencyConverter;
			sourceTree = "<group>";
		};
		9475BE371F1BCD240017EF54 /* Curencies View */ = {
			isa = PBXGroup;
			children = (
				9475BE381F1BCD3F0017EF54 /* CurrenciesViewController.swift */,
				9475BE3A1F1BD46D0017EF54 /* CurrenciesViewInterface.swift */,
			);
			name = "Curencies View";
			path = "../../../Main/User Interface/View";
			sourceTree = "<group>";
		};
		9475BE3C1F1BD9E00017EF54 /* Convert Currency View */ = {
			isa = PBXGroup;
			children = (
				E44E318FA9C6D6130B19F02C /* CurrencyConverterViewController.swift */,
				9463BC2C36BB7EA3003BE093 /* CurrencyConverterViewInterface.swift */,
			);
			name = "Convert Currency View";
			sourceTree = "<group>";
		};
		9475BE3F1F1BE52D0017EF54 /* Utils */ = {
			isa = PBXGroup;
			children = (
				9475BE351F1BCBDC0017EF54 /* Constants.swift */,
				9475BE3D1F1BE5170017EF54 /* Utils.swift */,
				947BFE451F1D6AA900FBC6A2 /* MessageBanner.swift */,
			);
			name = Utils;
			sourceTree = "<group>";
		};
		94F27A471F1C0CAB004256EE /* KurrencyWatch */ = {
			isa = PBXGroup;
			children = (
				94F27A481F1C0CAB004256EE /* Interface.storyboard */,
				94F27A4B1F1C0CAB004256EE /* Assets.xcassets */,
				94F27A4D1F1C0CAB004256EE /* Info.plist */,
			);
			path = KurrencyWatch;
			sourceTree = "<group>";
		};
		94F27A561F1C0CAC004256EE /* KurrencyWatch Extension */ = {
			isa = PBXGroup;
			children = (
				947BFE421F1D5C2200FBC6A2 /* ConvertedCurrency.swift */,
				947BFE401F1D590F00FBC6A2 /* ConvertedCurrencyRowController.swift */,
				94F27A591F1C0CAC004256EE /* InterfaceController.swift */,
				94F27A5B1F1C0CAC004256EE /* ExtensionDelegate.swift */,
				94F27A5D1F1C0CAC004256EE /* NotificationController.swift */,
				94F27A5F1F1C0CAC004256EE /* Assets.xcassets */,
				94F27A611F1C0CAC004256EE /* Info.plist */,
				94F27A571F1C0CAC004256EE /* Supporting Files */,
			);
			path = "KurrencyWatch Extension";
			sourceTree = "<group>";
		};
		94F27A571F1C0CAC004256EE /* Supporting Files */ = {
			isa = PBXGroup;
			children = (
				94F27A581F1C0CAC004256EE /* PushNotificationPayload.apns */,
			);
			name = "Supporting Files";
			sourceTree = "<group>";
		};
		94F4D3CA1F1A2EE100481C2B = {
			isa = PBXGroup;
			children = (
				94F4D3D51F1A2EE100481C2B /* Kurrency */,
				94F4D3ED1F1A2EE100481C2B /* KurrencyTests */,
				94F27A471F1C0CAB004256EE /* KurrencyWatch */,
				94F27A561F1C0CAC004256EE /* KurrencyWatch Extension */,
				94F4D3D41F1A2EE100481C2B /* Products */,
				0E5236D543C995B19A49624E /* Pods */,
				4C83FD3465A5B5B70049A53C /* Frameworks */,
			);
			sourceTree = "<group>";
		};
		94F4D3D41F1A2EE100481C2B /* Products */ = {
			isa = PBXGroup;
			children = (
				94F4D3D31F1A2EE100481C2B /* Kurrency.app */,
				94F4D3EA1F1A2EE100481C2B /* KurrencyTests.xctest */,
				94F27A461F1C0CAB004256EE /* KurrencyWatch.app */,
				94F27A521F1C0CAC004256EE /* KurrencyWatch Extension.appex */,
			);
			name = Products;
			sourceTree = "<group>";
		};
		94F4D3D51F1A2EE100481C2B /* Kurrency */ = {
			isa = PBXGroup;
			children = (
				94F4D4021F1A39E900481C2B /* Supporting Files */,
				94F4D3FB1F1A365500481C2B /* Shared Foundation */,
				1E1CCD9D84BE09E2EFF211DC /* Modules */,
				94F4D3D61F1A2EE100481C2B /* AppDelegate.swift */,
				94F4D3E01F1A2EE100481C2B /* Assets.xcassets */,
				94F4D3E21F1A2EE100481C2B /* LaunchScreen.storyboard */,
				94F4D3E51F1A2EE100481C2B /* Info.plist */,
			);
			path = Kurrency;
			sourceTree = "<group>";
		};
		94F4D3ED1F1A2EE100481C2B /* KurrencyTests */ = {
			isa = PBXGroup;
			children = (
				94F4D3EE1F1A2EE100481C2B /* KurrencyTests.swift */,
				94F4D3F01F1A2EE100481C2B /* Info.plist */,
			);
			path = KurrencyTests;
			sourceTree = "<group>";
		};
		94F4D3F91F1A359100481C2B /* Entities */ = {
			isa = PBXGroup;
			children = (
				94F4D3DD1F1A2EE100481C2B /* Kurrency.xcdatamodeld */,
				94F4D4121F1B951800481C2B /* Currency.swift */,
				94F4D4141F1BA2E600481C2B /* Result.swift */,
			);
			name = Entities;
			sourceTree = "<group>";
		};
		94F4D3FA1F1A359D00481C2B /* Services */ = {
			isa = PBXGroup;
			children = (
				94F4D4101F1B923500481C2B /* NetworkService.swift */,
				9475BE331F1BC9F40017EF54 /* CoreDataServices.swift */,
			);
			name = Services;
			sourceTree = "<group>";
		};
		94F4D3FB1F1A365500481C2B /* Shared Foundation */ = {
			isa = PBXGroup;
			children = (
				9475BE3F1F1BE52D0017EF54 /* Utils */,
				94F4D3FF1F1A368900481C2B /* Views */,
				94F4D3FC1F1A366200481C2B /* Extensions */,
				94F4D3FA1F1A359D00481C2B /* Services */,
				94F4D3F91F1A359100481C2B /* Entities */,
			);
			name = "Shared Foundation";
			sourceTree = "<group>";
		};
		94F4D3FC1F1A366200481C2B /* Extensions */ = {
			isa = PBXGroup;
			children = (
				94F4D3FD1F1A367400481C2B /* UIColorExtensions.swift */,
			);
			name = Extensions;
			sourceTree = "<group>";
		};
		94F4D3FF1F1A368900481C2B /* Views */ = {
			isa = PBXGroup;
			children = (
				94F4D4001F1A369400481C2B /* BackgroundView.swift */,
				941ABC7E1F1EB002001BB4EC /* FluidView.xib */,
				941ABC801F1EB02E001BB4EC /* FluidView.swift */,
			);
			name = Views;
			sourceTree = "<group>";
		};
		94F4D4021F1A39E900481C2B /* Supporting Files */ = {
			isa = PBXGroup;
			children = (
				94F4D4081F1A3BF000481C2B /* Proxima-Nova-Regular.otf */,
			);
			name = "Supporting Files";
			sourceTree = "<group>";
		};
		9EE976A1CAD036342E6D2B14 /* Business Logic */ = {
			isa = PBXGroup;
			children = (
				EDAFC5088A30EC6E21A1C201 /* MainInteractor.swift */,
				251755E76DE65A60DFB239A8 /* MainInteractorInput.swift */,
				462A1C8929AEB02D14A463FB /* MainInteractorOutput.swift */,
			);
			path = "Business Logic";
			sourceTree = "<group>";
		};
		AC4B8FFCAE50B833566AA18A /* Wireframe */ = {
			isa = PBXGroup;
			children = (
				719B0B36333A2C90B78F51BE /* CurrencyConverterWireframe.swift */,
			);
			path = Wireframe;
			sourceTree = "<group>";
		};
		B819E0FE4B87BA28792B8002 /* Business Logic */ = {
			isa = PBXGroup;
			children = (
				AFF8E6491AC49DDCAC9E9618 /* CurrencyConverterInteractor.swift */,
				13E66E985E6119EDC64B7A24 /* CurrencyConverterInteractorInput.swift */,
				1A368E631A3F73E2C1296ED0 /* CurrencyConverterInteractorOutput.swift */,
			);
			path = "Business Logic";
			sourceTree = "<group>";
		};
		B9CCE7F8303E9C636DA83D9A /* Presenter */ = {
			isa = PBXGroup;
			children = (
				DEC51763FE9F3E0596EBC861 /* CurrencyConverterPresenter.swift */,
				04CB317A1E202E3A7A4C5423 /* CurrencyConverterModuleInteface.swift */,
			);
			path = Presenter;
			sourceTree = "<group>";
		};
		C102DB2A06248A98F3F5C1E5 /* User Interface */ = {
			isa = PBXGroup;
			children = (
				AC4B8FFCAE50B833566AA18A /* Wireframe */,
				B9CCE7F8303E9C636DA83D9A /* Presenter */,
				F878E9C6C960F3B28623F450 /* View */,
			);
			path = "User Interface";
			sourceTree = "<group>";
		};
		C942F6CE8BB26404BEC4DD1B /* Presenter */ = {
			isa = PBXGroup;
			children = (
				77E981BFFD18B2B907FBB55E /* MainPresenter.swift */,
				250F3F5F2C8530A8C253B37C /* MainModuleInteface.swift */,
			);
			path = Presenter;
			sourceTree = "<group>";
		};
		F878E9C6C960F3B28623F450 /* View */ = {
			isa = PBXGroup;
			children = (
				9475BE3C1F1BD9E00017EF54 /* Convert Currency View */,
				9475BE371F1BCD240017EF54 /* Curencies View */,
				2F838C8C865D88CF78AB735E /* CurrencyConverterStoryboard.storyboard */,
			);
			path = View;
			sourceTree = "<group>";
		};
/* End PBXGroup section */

/* Begin PBXNativeTarget section */
		94F27A451F1C0CAB004256EE /* KurrencyWatch */ = {
			isa = PBXNativeTarget;
			buildConfigurationList = 94F27A6B1F1C0CAC004256EE /* Build configuration list for PBXNativeTarget "KurrencyWatch" */;
			buildPhases = (
				94F27A441F1C0CAB004256EE /* Resources */,
				94F27A6A1F1C0CAC004256EE /* Embed App Extensions */,
				6BB2F5A8A2E818395C7446F1 /* Frameworks */,
			);
			buildRules = (
			);
			dependencies = (
				94F27A551F1C0CAC004256EE /* PBXTargetDependency */,
			);
			name = KurrencyWatch;
			productName = KurrencyWatch;
			productReference = 94F27A461F1C0CAB004256EE /* KurrencyWatch.app */;
			productType = "com.apple.product-type.application.watchapp2";
		};
		94F27A511F1C0CAC004256EE /* KurrencyWatch Extension */ = {
			isa = PBXNativeTarget;
			buildConfigurationList = 94F27A691F1C0CAC004256EE /* Build configuration list for PBXNativeTarget "KurrencyWatch Extension" */;
			buildPhases = (
				D136808066075938F272E460 /* [CP] Check Pods Manifest.lock */,
				94F27A4E1F1C0CAC004256EE /* Sources */,
				94F27A4F1F1C0CAC004256EE /* Frameworks */,
				94F27A501F1C0CAC004256EE /* Resources */,
				4303E416E669BEAC90B58EF6 /* [CP] Embed Pods Frameworks */,
				7D0B7CF670D9B69CD7BA4048 /* [CP] Copy Pods Resources */,
			);
			buildRules = (
			);
			dependencies = (
			);
			name = "KurrencyWatch Extension";
			productName = "KurrencyWatch Extension";
			productReference = 94F27A521F1C0CAC004256EE /* KurrencyWatch Extension.appex */;
			productType = "com.apple.product-type.watchkit2-extension";
		};
		94F4D3D21F1A2EE100481C2B /* Kurrency */ = {
			isa = PBXNativeTarget;
			buildConfigurationList = 94F4D3F31F1A2EE100481C2B /* Build configuration list for PBXNativeTarget "Kurrency" */;
			buildPhases = (
				A4B241AE9BBBA078C44CE5B8 /* [CP] Check Pods Manifest.lock */,
				94F4D3CF1F1A2EE100481C2B /* Sources */,
				94F4D3D01F1A2EE100481C2B /* Frameworks */,
				94F4D3D11F1A2EE100481C2B /* Resources */,
				ED15A52C2E369BDE8D00E59A /* [CP] Embed Pods Frameworks */,
				6B8316C47B4B4EB166403FED /* [CP] Copy Pods Resources */,
				94F27A6C1F1C0CAC004256EE /* Embed Watch Content */,
			);
			buildRules = (
			);
			dependencies = (
				94F27A631F1C0CAC004256EE /* PBXTargetDependency */,
			);
			name = Kurrency;
			productName = Kurrency;
			productReference = 94F4D3D31F1A2EE100481C2B /* Kurrency.app */;
			productType = "com.apple.product-type.application";
		};
		94F4D3E91F1A2EE100481C2B /* KurrencyTests */ = {
			isa = PBXNativeTarget;
			buildConfigurationList = 94F4D3F61F1A2EE100481C2B /* Build configuration list for PBXNativeTarget "KurrencyTests" */;
			buildPhases = (
				99943DE2C5451C822534B6D8 /* [CP] Check Pods Manifest.lock */,
				94F4D3E61F1A2EE100481C2B /* Sources */,
				94F4D3E71F1A2EE100481C2B /* Frameworks */,
				94F4D3E81F1A2EE100481C2B /* Resources */,
				0BD9DA83709339AF7631E757 /* [CP] Embed Pods Frameworks */,
				654EE9E3C236EFC58F67EA9D /* [CP] Copy Pods Resources */,
			);
			buildRules = (
			);
			dependencies = (
				94F4D3EC1F1A2EE100481C2B /* PBXTargetDependency */,
			);
			name = KurrencyTests;
			productName = KurrencyTests;
			productReference = 94F4D3EA1F1A2EE100481C2B /* KurrencyTests.xctest */;
			productType = "com.apple.product-type.bundle.unit-test";
		};
/* End PBXNativeTarget section */

/* Begin PBXProject section */
		94F4D3CB1F1A2EE100481C2B /* Project object */ = {
			isa = PBXProject;
			attributes = {
				LastSwiftUpdateCheck = 0830;
				LastUpgradeCheck = 0830;
				ORGANIZATIONNAME = "Ard Stavileci";
				TargetAttributes = {
					94F27A451F1C0CAB004256EE = {
						CreatedOnToolsVersion = 8.3.3;
						DevelopmentTeam = 9W566NS2CS;
						ProvisioningStyle = Automatic;
					};
					94F27A511F1C0CAC004256EE = {
						CreatedOnToolsVersion = 8.3.3;
						DevelopmentTeam = 9W566NS2CS;
						ProvisioningStyle = Automatic;
					};
					94F4D3D21F1A2EE100481C2B = {
						CreatedOnToolsVersion = 8.3.3;
						DevelopmentTeam = 9W566NS2CS;
						ProvisioningStyle = Automatic;
					};
					94F4D3E91F1A2EE100481C2B = {
						CreatedOnToolsVersion = 8.3.3;
						DevelopmentTeam = 9W566NS2CS;
						ProvisioningStyle = Automatic;
						TestTargetID = 94F4D3D21F1A2EE100481C2B;
					};
				};
			};
			buildConfigurationList = 94F4D3CE1F1A2EE100481C2B /* Build configuration list for PBXProject "Kurrency" */;
			compatibilityVersion = "Xcode 3.2";
			developmentRegion = English;
			hasScannedForEncodings = 0;
			knownRegions = (
				en,
				Base,
			);
			mainGroup = 94F4D3CA1F1A2EE100481C2B;
			productRefGroup = 94F4D3D41F1A2EE100481C2B /* Products */;
			projectDirPath = "";
			projectRoot = "";
			targets = (
				94F4D3D21F1A2EE100481C2B /* Kurrency */,
				94F4D3E91F1A2EE100481C2B /* KurrencyTests */,
				94F27A451F1C0CAB004256EE /* KurrencyWatch */,
				94F27A511F1C0CAC004256EE /* KurrencyWatch Extension */,
			);
		};
/* End PBXProject section */

/* Begin PBXResourcesBuildPhase section */
		94F27A441F1C0CAB004256EE /* Resources */ = {
			isa = PBXResourcesBuildPhase;
			buildActionMask = 2147483647;
			files = (
				94F27A4C1F1C0CAB004256EE /* Assets.xcassets in Resources */,
				94F27A4A1F1C0CAB004256EE /* Interface.storyboard in Resources */,
			);
			runOnlyForDeploymentPostprocessing = 0;
		};
		94F27A501F1C0CAC004256EE /* Resources */ = {
			isa = PBXResourcesBuildPhase;
			buildActionMask = 2147483647;
			files = (
				94F27A601F1C0CAC004256EE /* Assets.xcassets in Resources */,
			);
			runOnlyForDeploymentPostprocessing = 0;
		};
		94F4D3D11F1A2EE100481C2B /* Resources */ = {
			isa = PBXResourcesBuildPhase;
			buildActionMask = 2147483647;
			files = (
				94F4D4091F1A3BF000481C2B /* Proxima-Nova-Regular.otf in Resources */,
				94F4D3E41F1A2EE100481C2B /* LaunchScreen.storyboard in Resources */,
				94F4D3E11F1A2EE100481C2B /* Assets.xcassets in Resources */,
				732F9FAA61D840E5E26CD931 /* MainStoryboard.storyboard in Resources */,
				2B52F79A98951603BBB737F1 /* CurrencyConverterStoryboard.storyboard in Resources */,
				941ABC7F1F1EB002001BB4EC /* FluidView.xib in Resources */,
			);
			runOnlyForDeploymentPostprocessing = 0;
		};
		94F4D3E81F1A2EE100481C2B /* Resources */ = {
			isa = PBXResourcesBuildPhase;
			buildActionMask = 2147483647;
			files = (
			);
			runOnlyForDeploymentPostprocessing = 0;
		};
/* End PBXResourcesBuildPhase section */

/* Begin PBXShellScriptBuildPhase section */
		0BD9DA83709339AF7631E757 /* [CP] Embed Pods Frameworks */ = {
			isa = PBXShellScriptBuildPhase;
			buildActionMask = 2147483647;
			files = (
			);
			inputPaths = (
			);
			name = "[CP] Embed Pods Frameworks";
			outputPaths = (
			);
			runOnlyForDeploymentPostprocessing = 0;
			shellPath = /bin/sh;
			shellScript = "\"${SRCROOT}/Pods/Target Support Files/Pods-KurrencyTests/Pods-KurrencyTests-frameworks.sh\"\n";
			showEnvVarsInLog = 0;
		};
		4303E416E669BEAC90B58EF6 /* [CP] Embed Pods Frameworks */ = {
			isa = PBXShellScriptBuildPhase;
			buildActionMask = 2147483647;
			files = (
			);
			inputPaths = (
			);
			name = "[CP] Embed Pods Frameworks";
			outputPaths = (
			);
			runOnlyForDeploymentPostprocessing = 0;
			shellPath = /bin/sh;
			shellScript = "\"${SRCROOT}/Pods/Target Support Files/Pods-KurrencyWatch Extension/Pods-KurrencyWatch Extension-frameworks.sh\"\n";
			showEnvVarsInLog = 0;
		};
		654EE9E3C236EFC58F67EA9D /* [CP] Copy Pods Resources */ = {
			isa = PBXShellScriptBuildPhase;
			buildActionMask = 2147483647;
			files = (
			);
			inputPaths = (
			);
			name = "[CP] Copy Pods Resources";
			outputPaths = (
			);
			runOnlyForDeploymentPostprocessing = 0;
			shellPath = /bin/sh;
			shellScript = "\"${SRCROOT}/Pods/Target Support Files/Pods-KurrencyTests/Pods-KurrencyTests-resources.sh\"\n";
			showEnvVarsInLog = 0;
		};
		6B8316C47B4B4EB166403FED /* [CP] Copy Pods Resources */ = {
			isa = PBXShellScriptBuildPhase;
			buildActionMask = 2147483647;
			files = (
			);
			inputPaths = (
			);
			name = "[CP] Copy Pods Resources";
			outputPaths = (
			);
			runOnlyForDeploymentPostprocessing = 0;
			shellPath = /bin/sh;
			shellScript = "\"${SRCROOT}/Pods/Target Support Files/Pods-Kurrency/Pods-Kurrency-resources.sh\"\n";
			showEnvVarsInLog = 0;
		};
		7D0B7CF670D9B69CD7BA4048 /* [CP] Copy Pods Resources */ = {
			isa = PBXShellScriptBuildPhase;
			buildActionMask = 2147483647;
			files = (
			);
			inputPaths = (
			);
			name = "[CP] Copy Pods Resources";
			outputPaths = (
			);
			runOnlyForDeploymentPostprocessing = 0;
			shellPath = /bin/sh;
			shellScript = "\"${SRCROOT}/Pods/Target Support Files/Pods-KurrencyWatch Extension/Pods-KurrencyWatch Extension-resources.sh\"\n";
			showEnvVarsInLog = 0;
		};
		99943DE2C5451C822534B6D8 /* [CP] Check Pods Manifest.lock */ = {
			isa = PBXShellScriptBuildPhase;
			buildActionMask = 2147483647;
			files = (
			);
			inputPaths = (
			);
			name = "[CP] Check Pods Manifest.lock";
			outputPaths = (
			);
			runOnlyForDeploymentPostprocessing = 0;
			shellPath = /bin/sh;
			shellScript = "diff \"${PODS_PODFILE_DIR_PATH}/Podfile.lock\" \"${PODS_ROOT}/Manifest.lock\" > /dev/null\nif [ $? != 0 ] ; then\n    # print error to STDERR\n    echo \"error: The sandbox is not in sync with the Podfile.lock. Run 'pod install' or update your CocoaPods installation.\" >&2\n    exit 1\nfi\n";
			showEnvVarsInLog = 0;
		};
		A4B241AE9BBBA078C44CE5B8 /* [CP] Check Pods Manifest.lock */ = {
			isa = PBXShellScriptBuildPhase;
			buildActionMask = 2147483647;
			files = (
			);
			inputPaths = (
			);
			name = "[CP] Check Pods Manifest.lock";
			outputPaths = (
			);
			runOnlyForDeploymentPostprocessing = 0;
			shellPath = /bin/sh;
			shellScript = "diff \"${PODS_PODFILE_DIR_PATH}/Podfile.lock\" \"${PODS_ROOT}/Manifest.lock\" > /dev/null\nif [ $? != 0 ] ; then\n    # print error to STDERR\n    echo \"error: The sandbox is not in sync with the Podfile.lock. Run 'pod install' or update your CocoaPods installation.\" >&2\n    exit 1\nfi\n";
			showEnvVarsInLog = 0;
		};
		D136808066075938F272E460 /* [CP] Check Pods Manifest.lock */ = {
			isa = PBXShellScriptBuildPhase;
			buildActionMask = 2147483647;
			files = (
			);
			inputPaths = (
			);
			name = "[CP] Check Pods Manifest.lock";
			outputPaths = (
			);
			runOnlyForDeploymentPostprocessing = 0;
			shellPath = /bin/sh;
			shellScript = "diff \"${PODS_PODFILE_DIR_PATH}/Podfile.lock\" \"${PODS_ROOT}/Manifest.lock\" > /dev/null\nif [ $? != 0 ] ; then\n    # print error to STDERR\n    echo \"error: The sandbox is not in sync with the Podfile.lock. Run 'pod install' or update your CocoaPods installation.\" >&2\n    exit 1\nfi\n";
			showEnvVarsInLog = 0;
		};
		ED15A52C2E369BDE8D00E59A /* [CP] Embed Pods Frameworks */ = {
			isa = PBXShellScriptBuildPhase;
			buildActionMask = 2147483647;
			files = (
			);
			inputPaths = (
			);
			name = "[CP] Embed Pods Frameworks";
			outputPaths = (
			);
			runOnlyForDeploymentPostprocessing = 0;
			shellPath = /bin/sh;
			shellScript = "\"${SRCROOT}/Pods/Target Support Files/Pods-Kurrency/Pods-Kurrency-frameworks.sh\"\n";
			showEnvVarsInLog = 0;
		};
/* End PBXShellScriptBuildPhase section */

/* Begin PBXSourcesBuildPhase section */
		94F27A4E1F1C0CAC004256EE /* Sources */ = {
			isa = PBXSourcesBuildPhase;
			buildActionMask = 2147483647;
			files = (
				947BFE3C1F1D485300FBC6A2 /* Constants.swift in Sources */,
				94F27A5E1F1C0CAC004256EE /* NotificationController.swift in Sources */,
				947BFE471F1D6AD400FBC6A2 /* Utils.swift in Sources */,
				94F27A5C1F1C0CAC004256EE /* ExtensionDelegate.swift in Sources */,
				947BFE3B1F1D442E00FBC6A2 /* NetworkService.swift in Sources */,
				947BFE411F1D590F00FBC6A2 /* ConvertedCurrencyRowController.swift in Sources */,
				947BFE3F1F1D488100FBC6A2 /* Result.swift in Sources */,
				94F27A5A1F1C0CAC004256EE /* InterfaceController.swift in Sources */,
				947BFE431F1D5C2200FBC6A2 /* ConvertedCurrency.swift in Sources */,
			);
			runOnlyForDeploymentPostprocessing = 0;
		};
		94F4D3CF1F1A2EE100481C2B /* Sources */ = {
			isa = PBXSourcesBuildPhase;
			buildActionMask = 2147483647;
			files = (
				94F4D4151F1BA2E600481C2B /* Result.swift in Sources */,
				94F4D3DF1F1A2EE100481C2B /* Kurrency.xcdatamodeld in Sources */,
				94F4D3D71F1A2EE100481C2B /* AppDelegate.swift in Sources */,
				9475BE391F1BCD3F0017EF54 /* CurrenciesViewController.swift in Sources */,
				94F4D4011F1A369400481C2B /* BackgroundView.swift in Sources */,
				9475BE3E1F1BE5170017EF54 /* Utils.swift in Sources */,
				7DFE75EB0CB126FB0A17F8B6 /* MainModuleConfigurator.swift in Sources */,
				94F4D3FE1F1A367400481C2B /* UIColorExtensions.swift in Sources */,
				AA9F2FEFD851AFADE75EBC5F /* MainInteractor.swift in Sources */,
				40454AA33AD0A831B929CAD9 /* MainInteractorInput.swift in Sources */,
				94F4D4131F1B951800481C2B /* Currency.swift in Sources */,
				9475BE341F1BC9F40017EF54 /* CoreDataServices.swift in Sources */,
				5C25E1533DC52E94031E798A /* MainInteractorOutput.swift in Sources */,
				947BFE461F1D6AA900FBC6A2 /* MessageBanner.swift in Sources */,
				B4585D06AAF8A318C813786A /* MainWireframe.swift in Sources */,
				94F4D4111F1B923500481C2B /* NetworkService.swift in Sources */,
				9475BE361F1BCBDC0017EF54 /* Constants.swift in Sources */,
				9475BE3B1F1BD46D0017EF54 /* CurrenciesViewInterface.swift in Sources */,
				D8FA3D57A5E037C7188352C3 /* MainPresenter.swift in Sources */,
				E773D2293CF4582A74F4E45A /* MainModuleInteface.swift in Sources */,
				8B366231BE57A56B444825E9 /* MainViewController.swift in Sources */,
				B446B99606D9A2AD9ED9F430 /* MainViewInterface.swift in Sources */,
				23F18BAE17F49E61D031A378 /* CurrencyConverterModuleConfigurator.swift in Sources */,
				FB76A2D17F6B67F6CE044B9A /* CurrencyConverterInteractor.swift in Sources */,
				4CBD5C150510ABD6AABD69F6 /* CurrencyConverterInteractorInput.swift in Sources */,
				941ABC811F1EB02E001BB4EC /* FluidView.swift in Sources */,
				DDC37811BB97F6998BF20771 /* CurrencyConverterInteractorOutput.swift in Sources */,
				46F7271DCBE2EBBF19D079A6 /* CurrencyConverterWireframe.swift in Sources */,
				140198537AAB44CDE5FE5FF7 /* CurrencyConverterPresenter.swift in Sources */,
				60E1FE0915BDD7B679766334 /* CurrencyConverterModuleInteface.swift in Sources */,
				AA346CD1E707E9CFADEA9BFF /* CurrencyConverterViewController.swift in Sources */,
				7753D532A51A1FDEEBF986EF /* CurrencyConverterViewInterface.swift in Sources */,
			);
			runOnlyForDeploymentPostprocessing = 0;
		};
		94F4D3E61F1A2EE100481C2B /* Sources */ = {
			isa = PBXSourcesBuildPhase;
			buildActionMask = 2147483647;
			files = (
				94F4D3EF1F1A2EE100481C2B /* KurrencyTests.swift in Sources */,
			);
			runOnlyForDeploymentPostprocessing = 0;
		};
/* End PBXSourcesBuildPhase section */

/* Begin PBXTargetDependency section */
		94F27A551F1C0CAC004256EE /* PBXTargetDependency */ = {
			isa = PBXTargetDependency;
			target = 94F27A511F1C0CAC004256EE /* KurrencyWatch Extension */;
			targetProxy = 94F27A541F1C0CAC004256EE /* PBXContainerItemProxy */;
		};
		94F27A631F1C0CAC004256EE /* PBXTargetDependency */ = {
			isa = PBXTargetDependency;
			target = 94F27A451F1C0CAB004256EE /* KurrencyWatch */;
			targetProxy = 94F27A621F1C0CAC004256EE /* PBXContainerItemProxy */;
		};
		94F4D3EC1F1A2EE100481C2B /* PBXTargetDependency */ = {
			isa = PBXTargetDependency;
			target = 94F4D3D21F1A2EE100481C2B /* Kurrency */;
			targetProxy = 94F4D3EB1F1A2EE100481C2B /* PBXContainerItemProxy */;
		};
/* End PBXTargetDependency section */

/* Begin PBXVariantGroup section */
		94F27A481F1C0CAB004256EE /* Interface.storyboard */ = {
			isa = PBXVariantGroup;
			children = (
				94F27A491F1C0CAB004256EE /* Base */,
			);
			name = Interface.storyboard;
			sourceTree = "<group>";
		};
		94F4D3E21F1A2EE100481C2B /* LaunchScreen.storyboard */ = {
			isa = PBXVariantGroup;
			children = (
				94F4D3E31F1A2EE100481C2B /* Base */,
			);
			name = LaunchScreen.storyboard;
			sourceTree = "<group>";
		};
/* End PBXVariantGroup section */

/* Begin XCBuildConfiguration section */
		94F27A651F1C0CAC004256EE /* Debug */ = {
			isa = XCBuildConfiguration;
			buildSettings = {
				ALWAYS_EMBED_SWIFT_STANDARD_LIBRARIES = YES;
				ASSETCATALOG_COMPILER_APPICON_NAME = AppIcon;
				DEVELOPMENT_TEAM = 9W566NS2CS;
				IBSC_MODULE = KurrencyWatch_Extension;
				INFOPLIST_FILE = KurrencyWatch/Info.plist;
				PRODUCT_BUNDLE_IDENTIFIER = com.test.Kurrency.watchkitapp;
				PRODUCT_NAME = "$(TARGET_NAME)";
				SDKROOT = watchos;
				SKIP_INSTALL = YES;
				SWIFT_VERSION = 3.0;
				TARGETED_DEVICE_FAMILY = 4;
				WATCHOS_DEPLOYMENT_TARGET = 3.2;
			};
			name = Debug;
		};
		94F27A661F1C0CAC004256EE /* Release */ = {
			isa = XCBuildConfiguration;
			buildSettings = {
				ALWAYS_EMBED_SWIFT_STANDARD_LIBRARIES = YES;
				ASSETCATALOG_COMPILER_APPICON_NAME = AppIcon;
				DEVELOPMENT_TEAM = 9W566NS2CS;
				IBSC_MODULE = KurrencyWatch_Extension;
				INFOPLIST_FILE = KurrencyWatch/Info.plist;
				PRODUCT_BUNDLE_IDENTIFIER = com.test.Kurrency.watchkitapp;
				PRODUCT_NAME = "$(TARGET_NAME)";
				SDKROOT = watchos;
				SKIP_INSTALL = YES;
				SWIFT_VERSION = 3.0;
				TARGETED_DEVICE_FAMILY = 4;
				WATCHOS_DEPLOYMENT_TARGET = 3.2;
			};
			name = Release;
		};
		94F27A671F1C0CAC004256EE /* Debug */ = {
			isa = XCBuildConfiguration;
			baseConfigurationReference = 43A2F6A991E97E1F49A22525 /* Pods-KurrencyWatch Extension.debug.xcconfig */;
			buildSettings = {
				ASSETCATALOG_COMPILER_COMPLICATION_NAME = Complication;
				DEVELOPMENT_TEAM = 9W566NS2CS;
				INFOPLIST_FILE = "KurrencyWatch Extension/Info.plist";
				LD_RUNPATH_SEARCH_PATHS = "$(inherited) @executable_path/Frameworks @executable_path/../../Frameworks";
				PRODUCT_BUNDLE_IDENTIFIER = com.test.Kurrency.watchkitapp.watchkitextension;
				PRODUCT_NAME = "${TARGET_NAME}";
				SDKROOT = watchos;
				SKIP_INSTALL = YES;
				SWIFT_VERSION = 3.0;
				TARGETED_DEVICE_FAMILY = 4;
				WATCHOS_DEPLOYMENT_TARGET = 3.2;
			};
			name = Debug;
		};
		94F27A681F1C0CAC004256EE /* Release */ = {
			isa = XCBuildConfiguration;
			baseConfigurationReference = B47E64F1B657418AB910C6BE /* Pods-KurrencyWatch Extension.release.xcconfig */;
			buildSettings = {
				ASSETCATALOG_COMPILER_COMPLICATION_NAME = Complication;
				DEVELOPMENT_TEAM = 9W566NS2CS;
				INFOPLIST_FILE = "KurrencyWatch Extension/Info.plist";
				LD_RUNPATH_SEARCH_PATHS = "$(inherited) @executable_path/Frameworks @executable_path/../../Frameworks";
				PRODUCT_BUNDLE_IDENTIFIER = com.test.Kurrency.watchkitapp.watchkitextension;
				PRODUCT_NAME = "${TARGET_NAME}";
				SDKROOT = watchos;
				SKIP_INSTALL = YES;
				SWIFT_VERSION = 3.0;
				TARGETED_DEVICE_FAMILY = 4;
				WATCHOS_DEPLOYMENT_TARGET = 3.2;
			};
			name = Release;
		};
		94F4D3F11F1A2EE100481C2B /* Debug */ = {
			isa = XCBuildConfiguration;
			buildSettings = {
				ALWAYS_SEARCH_USER_PATHS = NO;
				CLANG_ANALYZER_NONNULL = YES;
				CLANG_ANALYZER_NUMBER_OBJECT_CONVERSION = YES_AGGRESSIVE;
				CLANG_CXX_LANGUAGE_STANDARD = "gnu++0x";
				CLANG_CXX_LIBRARY = "libc++";
				CLANG_ENABLE_MODULES = YES;
				CLANG_ENABLE_OBJC_ARC = YES;
				CLANG_WARN_BOOL_CONVERSION = YES;
				CLANG_WARN_CONSTANT_CONVERSION = YES;
				CLANG_WARN_DIRECT_OBJC_ISA_USAGE = YES_ERROR;
				CLANG_WARN_DOCUMENTATION_COMMENTS = YES;
				CLANG_WARN_EMPTY_BODY = YES;
				CLANG_WARN_ENUM_CONVERSION = YES;
				CLANG_WARN_INFINITE_RECURSION = YES;
				CLANG_WARN_INT_CONVERSION = YES;
				CLANG_WARN_OBJC_ROOT_CLASS = YES_ERROR;
				CLANG_WARN_SUSPICIOUS_MOVE = YES;
				CLANG_WARN_UNREACHABLE_CODE = YES;
				CLANG_WARN__DUPLICATE_METHOD_MATCH = YES;
				"CODE_SIGN_IDENTITY[sdk=iphoneos*]" = "iPhone Developer";
				COPY_PHASE_STRIP = NO;
				DEBUG_INFORMATION_FORMAT = dwarf;
				ENABLE_STRICT_OBJC_MSGSEND = YES;
				ENABLE_TESTABILITY = YES;
				GCC_C_LANGUAGE_STANDARD = gnu99;
				GCC_DYNAMIC_NO_PIC = NO;
				GCC_NO_COMMON_BLOCKS = YES;
				GCC_OPTIMIZATION_LEVEL = 0;
				GCC_PREPROCESSOR_DEFINITIONS = (
					"DEBUG=1",
					"$(inherited)",
				);
				GCC_WARN_64_TO_32_BIT_CONVERSION = YES;
				GCC_WARN_ABOUT_RETURN_TYPE = YES_ERROR;
				GCC_WARN_UNDECLARED_SELECTOR = YES;
				GCC_WARN_UNINITIALIZED_AUTOS = YES_AGGRESSIVE;
				GCC_WARN_UNUSED_FUNCTION = YES;
				GCC_WARN_UNUSED_VARIABLE = YES;
				IPHONEOS_DEPLOYMENT_TARGET = 10.3;
				MTL_ENABLE_DEBUG_INFO = YES;
				ONLY_ACTIVE_ARCH = YES;
				SDKROOT = iphoneos;
				SWIFT_ACTIVE_COMPILATION_CONDITIONS = DEBUG;
				SWIFT_OPTIMIZATION_LEVEL = "-Onone";
			};
			name = Debug;
		};
		94F4D3F21F1A2EE100481C2B /* Release */ = {
			isa = XCBuildConfiguration;
			buildSettings = {
				ALWAYS_SEARCH_USER_PATHS = NO;
				CLANG_ANALYZER_NONNULL = YES;
				CLANG_ANALYZER_NUMBER_OBJECT_CONVERSION = YES_AGGRESSIVE;
				CLANG_CXX_LANGUAGE_STANDARD = "gnu++0x";
				CLANG_CXX_LIBRARY = "libc++";
				CLANG_ENABLE_MODULES = YES;
				CLANG_ENABLE_OBJC_ARC = YES;
				CLANG_WARN_BOOL_CONVERSION = YES;
				CLANG_WARN_CONSTANT_CONVERSION = YES;
				CLANG_WARN_DIRECT_OBJC_ISA_USAGE = YES_ERROR;
				CLANG_WARN_DOCUMENTATION_COMMENTS = YES;
				CLANG_WARN_EMPTY_BODY = YES;
				CLANG_WARN_ENUM_CONVERSION = YES;
				CLANG_WARN_INFINITE_RECURSION = YES;
				CLANG_WARN_INT_CONVERSION = YES;
				CLANG_WARN_OBJC_ROOT_CLASS = YES_ERROR;
				CLANG_WARN_SUSPICIOUS_MOVE = YES;
				CLANG_WARN_UNREACHABLE_CODE = YES;
				CLANG_WARN__DUPLICATE_METHOD_MATCH = YES;
				"CODE_SIGN_IDENTITY[sdk=iphoneos*]" = "iPhone Developer";
				COPY_PHASE_STRIP = NO;
				DEBUG_INFORMATION_FORMAT = "dwarf-with-dsym";
				ENABLE_NS_ASSERTIONS = NO;
				ENABLE_STRICT_OBJC_MSGSEND = YES;
				GCC_C_LANGUAGE_STANDARD = gnu99;
				GCC_NO_COMMON_BLOCKS = YES;
				GCC_WARN_64_TO_32_BIT_CONVERSION = YES;
				GCC_WARN_ABOUT_RETURN_TYPE = YES_ERROR;
				GCC_WARN_UNDECLARED_SELECTOR = YES;
				GCC_WARN_UNINITIALIZED_AUTOS = YES_AGGRESSIVE;
				GCC_WARN_UNUSED_FUNCTION = YES;
				GCC_WARN_UNUSED_VARIABLE = YES;
				IPHONEOS_DEPLOYMENT_TARGET = 10.3;
				MTL_ENABLE_DEBUG_INFO = NO;
				SDKROOT = iphoneos;
				SWIFT_OPTIMIZATION_LEVEL = "-Owholemodule";
				VALIDATE_PRODUCT = YES;
			};
			name = Release;
		};
		94F4D3F41F1A2EE100481C2B /* Debug */ = {
			isa = XCBuildConfiguration;
			baseConfigurationReference = 1881E413E3C509821AFBAA4E /* Pods-Kurrency.debug.xcconfig */;
			buildSettings = {
				ASSETCATALOG_COMPILER_APPICON_NAME = AppIcon;
				DEVELOPMENT_TEAM = 9W566NS2CS;
				INFOPLIST_FILE = Kurrency/Info.plist;
				IPHONEOS_DEPLOYMENT_TARGET = 10.3;
				LD_RUNPATH_SEARCH_PATHS = "$(inherited) @executable_path/Frameworks";
				PRODUCT_BUNDLE_IDENTIFIER = com.test.Kurrency;
				PRODUCT_NAME = "$(TARGET_NAME)";
				SWIFT_VERSION = 3.0;
			};
			name = Debug;
		};
		94F4D3F51F1A2EE100481C2B /* Release */ = {
			isa = XCBuildConfiguration;
			baseConfigurationReference = 390671A092EECAEDF4B6F7BD /* Pods-Kurrency.release.xcconfig */;
			buildSettings = {
				ASSETCATALOG_COMPILER_APPICON_NAME = AppIcon;
				DEVELOPMENT_TEAM = 9W566NS2CS;
				INFOPLIST_FILE = Kurrency/Info.plist;
				IPHONEOS_DEPLOYMENT_TARGET = 10.3;
				LD_RUNPATH_SEARCH_PATHS = "$(inherited) @executable_path/Frameworks";
				PRODUCT_BUNDLE_IDENTIFIER = com.test.Kurrency;
				PRODUCT_NAME = "$(TARGET_NAME)";
				SWIFT_VERSION = 3.0;
			};
			name = Release;
		};
		94F4D3F71F1A2EE100481C2B /* Debug */ = {
			isa = XCBuildConfiguration;
			baseConfigurationReference = 0A1BD123E702AB475BBC89A7 /* Pods-KurrencyTests.debug.xcconfig */;
			buildSettings = {
				ALWAYS_EMBED_SWIFT_STANDARD_LIBRARIES = YES;
				BUNDLE_LOADER = "$(TEST_HOST)";
				DEVELOPMENT_TEAM = 9W566NS2CS;
				INFOPLIST_FILE = KurrencyTests/Info.plist;
				LD_RUNPATH_SEARCH_PATHS = "$(inherited) @executable_path/Frameworks @loader_path/Frameworks";
				PRODUCT_BUNDLE_IDENTIFIER = com.test.KurrencyTests;
				PRODUCT_NAME = "$(TARGET_NAME)";
				SWIFT_VERSION = 3.0;
				TEST_HOST = "$(BUILT_PRODUCTS_DIR)/Kurrency.app/Kurrency";
			};
			name = Debug;
		};
		94F4D3F81F1A2EE100481C2B /* Release */ = {
			isa = XCBuildConfiguration;
			baseConfigurationReference = 6411F59A50B4164FF8619124 /* Pods-KurrencyTests.release.xcconfig */;
			buildSettings = {
				ALWAYS_EMBED_SWIFT_STANDARD_LIBRARIES = YES;
				BUNDLE_LOADER = "$(TEST_HOST)";
				DEVELOPMENT_TEAM = 9W566NS2CS;
				INFOPLIST_FILE = KurrencyTests/Info.plist;
				LD_RUNPATH_SEARCH_PATHS = "$(inherited) @executable_path/Frameworks @loader_path/Frameworks";
				PRODUCT_BUNDLE_IDENTIFIER = com.test.KurrencyTests;
				PRODUCT_NAME = "$(TARGET_NAME)";
				SWIFT_VERSION = 3.0;
				TEST_HOST = "$(BUILT_PRODUCTS_DIR)/Kurrency.app/Kurrency";
			};
			name = Release;
		};
/* End XCBuildConfiguration section */

/* Begin XCConfigurationList section */
		94F27A691F1C0CAC004256EE /* Build configuration list for PBXNativeTarget "KurrencyWatch Extension" */ = {
			isa = XCConfigurationList;
			buildConfigurations = (
				94F27A671F1C0CAC004256EE /* Debug */,
				94F27A681F1C0CAC004256EE /* Release */,
			);
			defaultConfigurationIsVisible = 0;
			defaultConfigurationName = Release;
		};
		94F27A6B1F1C0CAC004256EE /* Build configuration list for PBXNativeTarget "KurrencyWatch" */ = {
			isa = XCConfigurationList;
			buildConfigurations = (
				94F27A651F1C0CAC004256EE /* Debug */,
				94F27A661F1C0CAC004256EE /* Release */,
			);
			defaultConfigurationIsVisible = 0;
			defaultConfigurationName = Release;
		};
		94F4D3CE1F1A2EE100481C2B /* Build configuration list for PBXProject "Kurrency" */ = {
			isa = XCConfigurationList;
			buildConfigurations = (
				94F4D3F11F1A2EE100481C2B /* Debug */,
				94F4D3F21F1A2EE100481C2B /* Release */,
			);
			defaultConfigurationIsVisible = 0;
			defaultConfigurationName = Release;
		};
		94F4D3F31F1A2EE100481C2B /* Build configuration list for PBXNativeTarget "Kurrency" */ = {
			isa = XCConfigurationList;
			buildConfigurations = (
				94F4D3F41F1A2EE100481C2B /* Debug */,
				94F4D3F51F1A2EE100481C2B /* Release */,
			);
			defaultConfigurationIsVisible = 0;
			defaultConfigurationName = Release;
		};
		94F4D3F61F1A2EE100481C2B /* Build configuration list for PBXNativeTarget "KurrencyTests" */ = {
			isa = XCConfigurationList;
			buildConfigurations = (
				94F4D3F71F1A2EE100481C2B /* Debug */,
				94F4D3F81F1A2EE100481C2B /* Release */,
			);
			defaultConfigurationIsVisible = 0;
			defaultConfigurationName = Release;
		};
/* End XCConfigurationList section */

/* Begin XCVersionGroup section */
		94F4D3DD1F1A2EE100481C2B /* Kurrency.xcdatamodeld */ = {
			isa = XCVersionGroup;
			children = (
				94F4D3DE1F1A2EE100481C2B /* Kurrency.xcdatamodel */,
			);
			currentVersion = 94F4D3DE1F1A2EE100481C2B /* Kurrency.xcdatamodel */;
			path = Kurrency.xcdatamodeld;
			sourceTree = "<group>";
			versionGroupType = wrapper.xcdatamodel;
		};
/* End XCVersionGroup section */
	};
	rootObject = 94F4D3CB1F1A2EE100481C2B /* Project object */;
}
